// !$*UTF8*$!
{
	archiveVersion = 1;
	classes = {
	};
	objectVersion = 46;
	objects = {

/* Begin PBXBuildFile section */
		A718EA651A87CA800016CF14 /* main.cpp in Sources */ = {isa = PBXBuildFile; fileRef = A718EA641A87CA800016CF14 /* main.cpp */; };
		A718EA6A1A87CB8B0016CF14 /* Engine.cpp in Sources */ = {isa = PBXBuildFile; fileRef = A718EA681A87CB8B0016CF14 /* Engine.cpp */; };
		A718EA711A87D03E0016CF14 /* GameException.cpp in Sources */ = {isa = PBXBuildFile; fileRef = A718EA6F1A87D03E0016CF14 /* GameException.cpp */; };
		A718EA731A87DB540016CF14 /* SDL2.framework in Frameworks */ = {isa = PBXBuildFile; fileRef = A718EA721A87DB540016CF14 /* SDL2.framework */; };
		A718EA761A87DD540016CF14 /* BlackLidEngine.cpp in Sources */ = {isa = PBXBuildFile; fileRef = A718EA741A87DD540016CF14 /* BlackLidEngine.cpp */; };
		A718EA791A87E5430016CF14 /* Camera.cpp in Sources */ = {isa = PBXBuildFile; fileRef = A718EA771A87E5430016CF14 /* Camera.cpp */; };
		A718EA801A87E7E50016CF14 /* InputCommand.cpp in Sources */ = {isa = PBXBuildFile; fileRef = A718EA7E1A87E7E50016CF14 /* InputCommand.cpp */; };
		A718EA831A87F4580016CF14 /* InputKeyMap.cpp in Sources */ = {isa = PBXBuildFile; fileRef = A718EA811A87F4580016CF14 /* InputKeyMap.cpp */; };
		A718EA8B1A88772E0016CF14 /* SDL2_image.framework in Frameworks */ = {isa = PBXBuildFile; fileRef = A718EA8A1A88772E0016CF14 /* SDL2_image.framework */; };
		A718EA8D1A8877DB0016CF14 /* content in Resources */ = {isa = PBXBuildFile; fileRef = A718EA8C1A8877DB0016CF14 /* content */; };
		A718EA901A887ACF0016CF14 /* Create.cpp in Sources */ = {isa = PBXBuildFile; fileRef = A718EA8E1A887ACF0016CF14 /* Create.cpp */; };
		A718EA931A895D2A0016CF14 /* Fps.cpp in Sources */ = {isa = PBXBuildFile; fileRef = A718EA911A895D2A0016CF14 /* Fps.cpp */; };
		A718EA961A89A7380016CF14 /* Vector2D.cpp in Sources */ = {isa = PBXBuildFile; fileRef = A718EA941A89A7380016CF14 /* Vector2D.cpp */; };
		A718EA981A89AFF40016CF14 /* testout in Resources */ = {isa = PBXBuildFile; fileRef = A718EA971A89AFF40016CF14 /* testout */; };
		A718EA9B1A89B3F40016CF14 /* Settings.cpp in Sources */ = {isa = PBXBuildFile; fileRef = A718EA991A89B3F40016CF14 /* Settings.cpp */; };
		A718EA9E1A89B8450016CF14 /* Assert.cpp in Sources */ = {isa = PBXBuildFile; fileRef = A718EA9C1A89B8450016CF14 /* Assert.cpp */; };
		A718EAA11A89B9850016CF14 /* Test.cpp in Sources */ = {isa = PBXBuildFile; fileRef = A718EA9F1A89B9850016CF14 /* Test.cpp */; };
		A718EAA51A89BC0D0016CF14 /* Vector2DTest.cpp in Sources */ = {isa = PBXBuildFile; fileRef = A718EAA31A89BC0D0016CF14 /* Vector2DTest.cpp */; };
		A718EAAB1A89C08E0016CF14 /* AssertException.cpp in Sources */ = {isa = PBXBuildFile; fileRef = A718EAA91A89C08E0016CF14 /* AssertException.cpp */; };
		A718EAAE1A89CCA50016CF14 /* Matrix.cpp in Sources */ = {isa = PBXBuildFile; fileRef = A718EAAC1A89CCA50016CF14 /* Matrix.cpp */; };
/* End PBXBuildFile section */

/* Begin PBXFileReference section */
		A718EA3B1A87CA380016CF14 /* BlackLid.app */ = {isa = PBXFileReference; explicitFileType = wrapper.application; includeInIndex = 0; path = BlackLid.app; sourceTree = BUILT_PRODUCTS_DIR; };
		A718EA3F1A87CA380016CF14 /* Info.plist */ = {isa = PBXFileReference; lastKnownFileType = text.plist.xml; path = Info.plist; sourceTree = "<group>"; };
		A718EA641A87CA800016CF14 /* main.cpp */ = {isa = PBXFileReference; fileEncoding = 4; lastKnownFileType = sourcecode.cpp.cpp; path = main.cpp; sourceTree = "<group>"; };
		A718EA681A87CB8B0016CF14 /* Engine.cpp */ = {isa = PBXFileReference; fileEncoding = 4; lastKnownFileType = sourcecode.cpp.cpp; name = Engine.cpp; path = BlackLid/core/Engine.cpp; sourceTree = "<group>"; };
		A718EA691A87CB8B0016CF14 /* Engine.h */ = {isa = PBXFileReference; fileEncoding = 4; lastKnownFileType = sourcecode.c.h; name = Engine.h; path = BlackLid/core/Engine.h; sourceTree = "<group>"; };
		A718EA6F1A87D03E0016CF14 /* GameException.cpp */ = {isa = PBXFileReference; fileEncoding = 4; lastKnownFileType = sourcecode.cpp.cpp; name = GameException.cpp; path = BlackLid/core/GameException.cpp; sourceTree = "<group>"; };
		A718EA701A87D03E0016CF14 /* GameException.h */ = {isa = PBXFileReference; fileEncoding = 4; lastKnownFileType = sourcecode.c.h; name = GameException.h; path = BlackLid/core/GameException.h; sourceTree = "<group>"; };
		A718EA721A87DB540016CF14 /* SDL2.framework */ = {isa = PBXFileReference; lastKnownFileType = wrapper.framework; name = SDL2.framework; path = /Library/Frameworks/SDL2.framework; sourceTree = "<absolute>"; };
		A718EA741A87DD540016CF14 /* BlackLidEngine.cpp */ = {isa = PBXFileReference; fileEncoding = 4; lastKnownFileType = sourcecode.cpp.cpp; name = BlackLidEngine.cpp; path = BlackLid/core/BlackLidEngine.cpp; sourceTree = "<group>"; };
		A718EA751A87DD540016CF14 /* BlackLidEngine.h */ = {isa = PBXFileReference; fileEncoding = 4; lastKnownFileType = sourcecode.c.h; name = BlackLidEngine.h; path = BlackLid/core/BlackLidEngine.h; sourceTree = "<group>"; };
		A718EA771A87E5430016CF14 /* Camera.cpp */ = {isa = PBXFileReference; fileEncoding = 4; lastKnownFileType = sourcecode.cpp.cpp; name = Camera.cpp; path = BlackLid/core/Camera.cpp; sourceTree = "<group>"; };
		A718EA781A87E5430016CF14 /* Camera.h */ = {isa = PBXFileReference; fileEncoding = 4; lastKnownFileType = sourcecode.c.h; name = Camera.h; path = BlackLid/core/Camera.h; sourceTree = "<group>"; };
		A718EA7E1A87E7E50016CF14 /* InputCommand.cpp */ = {isa = PBXFileReference; fileEncoding = 4; lastKnownFileType = sourcecode.cpp.cpp; name = InputCommand.cpp; path = BlackLid/input/InputCommand.cpp; sourceTree = "<group>"; };
		A718EA7F1A87E7E50016CF14 /* InputCommand.h */ = {isa = PBXFileReference; fileEncoding = 4; lastKnownFileType = sourcecode.c.h; name = InputCommand.h; path = BlackLid/input/InputCommand.h; sourceTree = "<group>"; };
		A718EA811A87F4580016CF14 /* InputKeyMap.cpp */ = {isa = PBXFileReference; fileEncoding = 4; lastKnownFileType = sourcecode.cpp.cpp; name = InputKeyMap.cpp; path = BlackLid/input/InputKeyMap.cpp; sourceTree = "<group>"; };
		A718EA821A87F4580016CF14 /* InputKeyMap.h */ = {isa = PBXFileReference; fileEncoding = 4; lastKnownFileType = sourcecode.c.h; name = InputKeyMap.h; path = BlackLid/input/InputKeyMap.h; sourceTree = "<group>"; };
		A718EA8A1A88772E0016CF14 /* SDL2_image.framework */ = {isa = PBXFileReference; lastKnownFileType = wrapper.framework; name = SDL2_image.framework; path = ../../../../Library/Frameworks/SDL2_image.framework; sourceTree = "<group>"; };
		A718EA8C1A8877DB0016CF14 /* content */ = {isa = PBXFileReference; lastKnownFileType = folder; name = content; path = BlackLid/content; sourceTree = "<group>"; };
		A718EA8E1A887ACF0016CF14 /* Create.cpp */ = {isa = PBXFileReference; fileEncoding = 4; lastKnownFileType = sourcecode.cpp.cpp; name = Create.cpp; path = BlackLid/core/Create.cpp; sourceTree = "<group>"; };
		A718EA8F1A887ACF0016CF14 /* Create.h */ = {isa = PBXFileReference; fileEncoding = 4; lastKnownFileType = sourcecode.c.h; name = Create.h; path = BlackLid/core/Create.h; sourceTree = "<group>"; };
		A718EA911A895D2A0016CF14 /* Fps.cpp */ = {isa = PBXFileReference; fileEncoding = 4; lastKnownFileType = sourcecode.cpp.cpp; name = Fps.cpp; path = BlackLid/core/Fps.cpp; sourceTree = "<group>"; };
		A718EA921A895D2A0016CF14 /* Fps.h */ = {isa = PBXFileReference; fileEncoding = 4; lastKnownFileType = sourcecode.c.h; name = Fps.h; path = BlackLid/core/Fps.h; sourceTree = "<group>"; };
		A718EA941A89A7380016CF14 /* Vector2D.cpp */ = {isa = PBXFileReference; fileEncoding = 4; lastKnownFileType = sourcecode.cpp.cpp; name = Vector2D.cpp; path = BlackLid/core/Vector2D.cpp; sourceTree = "<group>"; };
		A718EA951A89A7380016CF14 /* Vector2D.h */ = {isa = PBXFileReference; fileEncoding = 4; lastKnownFileType = sourcecode.c.h; name = Vector2D.h; path = BlackLid/core/Vector2D.h; sourceTree = "<group>"; };
		A718EA971A89AFF40016CF14 /* testout */ = {isa = PBXFileReference; lastKnownFileType = folder; name = testout; path = BlackLid/testout; sourceTree = "<group>"; };
		A718EA991A89B3F40016CF14 /* Settings.cpp */ = {isa = PBXFileReference; fileEncoding = 4; lastKnownFileType = sourcecode.cpp.cpp; name = Settings.cpp; path = BlackLid/core/Settings.cpp; sourceTree = "<group>"; };
		A718EA9A1A89B3F40016CF14 /* Settings.h */ = {isa = PBXFileReference; fileEncoding = 4; lastKnownFileType = sourcecode.c.h; name = Settings.h; path = BlackLid/core/Settings.h; sourceTree = "<group>"; };
		A718EA9C1A89B8450016CF14 /* Assert.cpp */ = {isa = PBXFileReference; fileEncoding = 4; lastKnownFileType = sourcecode.cpp.cpp; name = Assert.cpp; path = BlackLid/core/Assert.cpp; sourceTree = "<group>"; };
		A718EA9D1A89B8450016CF14 /* Assert.h */ = {isa = PBXFileReference; fileEncoding = 4; lastKnownFileType = sourcecode.c.h; name = Assert.h; path = BlackLid/core/Assert.h; sourceTree = "<group>"; };
		A718EA9F1A89B9850016CF14 /* Test.cpp */ = {isa = PBXFileReference; fileEncoding = 4; lastKnownFileType = sourcecode.cpp.cpp; name = Test.cpp; path = BlackLid/core/Test.cpp; sourceTree = "<group>"; };
		A718EAA01A89B9850016CF14 /* Test.h */ = {isa = PBXFileReference; fileEncoding = 4; lastKnownFileType = sourcecode.c.h; name = Test.h; path = BlackLid/core/Test.h; sourceTree = "<group>"; };
		A718EAA31A89BC0D0016CF14 /* Vector2DTest.cpp */ = {isa = PBXFileReference; fileEncoding = 4; lastKnownFileType = sourcecode.cpp.cpp; name = Vector2DTest.cpp; path = BlackLid/tests/Vector2DTest.cpp; sourceTree = "<group>"; };
		A718EAA41A89BC0D0016CF14 /* Vector2DTest.h */ = {isa = PBXFileReference; fileEncoding = 4; lastKnownFileType = sourcecode.c.h; name = Vector2DTest.h; path = BlackLid/tests/Vector2DTest.h; sourceTree = "<group>"; };
		A718EAA61A89BEDB0016CF14 /* List.h */ = {isa = PBXFileReference; fileEncoding = 4; lastKnownFileType = sourcecode.c.h; name = List.h; path = BlackLid/core/List.h; sourceTree = "<group>"; };
		A718EAA71A89BEDB0016CF14 /* ListItem.h */ = {isa = PBXFileReference; fileEncoding = 4; lastKnownFileType = sourcecode.c.h; name = ListItem.h; path = BlackLid/core/ListItem.h; sourceTree = "<group>"; };
		A718EAA91A89C08E0016CF14 /* AssertException.cpp */ = {isa = PBXFileReference; fileEncoding = 4; lastKnownFileType = sourcecode.cpp.cpp; path = AssertException.cpp; sourceTree = "<group>"; };
		A718EAAA1A89C08E0016CF14 /* AssertException.h */ = {isa = PBXFileReference; fileEncoding = 4; lastKnownFileType = sourcecode.c.h; path = AssertException.h; sourceTree = "<group>"; };
		A718EAAC1A89CCA50016CF14 /* Matrix.cpp */ = {isa = PBXFileReference; fileEncoding = 4; lastKnownFileType = sourcecode.cpp.cpp; name = Matrix.cpp; path = BlackLid/core/Matrix.cpp; sourceTree = "<group>"; };
		A718EAAD1A89CCA50016CF14 /* Matrix.h */ = {isa = PBXFileReference; fileEncoding = 4; lastKnownFileType = sourcecode.c.h; name = Matrix.h; path = BlackLid/core/Matrix.h; sourceTree = "<group>"; };
/* End PBXFileReference section */

/* Begin PBXFrameworksBuildPhase section */
		A718EA381A87CA380016CF14 /* Frameworks */ = {
			isa = PBXFrameworksBuildPhase;
			buildActionMask = 2147483647;
			files = (
				A718EA8B1A88772E0016CF14 /* SDL2_image.framework in Frameworks */,
				A718EA731A87DB540016CF14 /* SDL2.framework in Frameworks */,
			);
			runOnlyForDeploymentPostprocessing = 0;
		};
/* End PBXFrameworksBuildPhase section */

/* Begin PBXGroup section */
		A718EA321A87CA380016CF14 = {
			isa = PBXGroup;
			children = (
				A718EA3D1A87CA380016CF14 /* BlackLid */,
				A718EA8C1A8877DB0016CF14 /* content */,
				A718EA6B1A87CC3C0016CF14 /* core */,
				A718EAA81A89C0770016CF14 /* exceptions */,
				A718EA891A8877060016CF14 /* Frameworks */,
				A718EA7D1A87E6950016CF14 /* input */,
				A718EA3C1A87CA380016CF14 /* Products */,
				A718EA971A89AFF40016CF14 /* testout */,
				A718EAA21A89BBD80016CF14 /* tests */,
			);
			sourceTree = "<group>";
		};
		A718EA3C1A87CA380016CF14 /* Products */ = {
			isa = PBXGroup;
			children = (
				A718EA3B1A87CA380016CF14 /* BlackLid.app */,
			);
			name = Products;
			sourceTree = "<group>";
		};
		A718EA3D1A87CA380016CF14 /* BlackLid */ = {
			isa = PBXGroup;
			children = (
				A718EA3E1A87CA380016CF14 /* Supporting Files */,
				A718EA641A87CA800016CF14 /* main.cpp */,
			);
			path = BlackLid;
			sourceTree = "<group>";
		};
		A718EA3E1A87CA380016CF14 /* Supporting Files */ = {
			isa = PBXGroup;
			children = (
				A718EA3F1A87CA380016CF14 /* Info.plist */,
			);
			name = "Supporting Files";
			sourceTree = "<group>";
		};
		A718EA6B1A87CC3C0016CF14 /* core */ = {
			isa = PBXGroup;
			children = (
				A718EAA61A89BEDB0016CF14 /* List.h */,
				A718EAA71A89BEDB0016CF14 /* ListItem.h */,
				A718EA681A87CB8B0016CF14 /* Engine.cpp */,
				A718EA691A87CB8B0016CF14 /* Engine.h */,
				A718EA6F1A87D03E0016CF14 /* GameException.cpp */,
				A718EA701A87D03E0016CF14 /* GameException.h */,
				A718EA741A87DD540016CF14 /* BlackLidEngine.cpp */,
				A718EA751A87DD540016CF14 /* BlackLidEngine.h */,
				A718EA771A87E5430016CF14 /* Camera.cpp */,
				A718EA781A87E5430016CF14 /* Camera.h */,
				A718EA8E1A887ACF0016CF14 /* Create.cpp */,
				A718EA8F1A887ACF0016CF14 /* Create.h */,
				A718EA911A895D2A0016CF14 /* Fps.cpp */,
				A718EA921A895D2A0016CF14 /* Fps.h */,
				A718EA941A89A7380016CF14 /* Vector2D.cpp */,
				A718EA951A89A7380016CF14 /* Vector2D.h */,
				A718EA991A89B3F40016CF14 /* Settings.cpp */,
				A718EA9A1A89B3F40016CF14 /* Settings.h */,
				A718EA9C1A89B8450016CF14 /* Assert.cpp */,
				A718EA9D1A89B8450016CF14 /* Assert.h */,
				A718EA9F1A89B9850016CF14 /* Test.cpp */,
				A718EAA01A89B9850016CF14 /* Test.h */,
				A718EAAC1A89CCA50016CF14 /* Matrix.cpp */,
				A718EAAD1A89CCA50016CF14 /* Matrix.h */,
			);
			name = core;
			sourceTree = "<group>";
		};
		A718EA7D1A87E6950016CF14 /* input */ = {
			isa = PBXGroup;
			children = (
				A718EA7E1A87E7E50016CF14 /* InputCommand.cpp */,
				A718EA7F1A87E7E50016CF14 /* InputCommand.h */,
				A718EA811A87F4580016CF14 /* InputKeyMap.cpp */,
				A718EA821A87F4580016CF14 /* InputKeyMap.h */,
			);
			name = input;
			sourceTree = "<group>";
		};
		A718EA891A8877060016CF14 /* Frameworks */ = {
			isa = PBXGroup;
			children = (
				A718EA8A1A88772E0016CF14 /* SDL2_image.framework */,
				A718EA721A87DB540016CF14 /* SDL2.framework */,
			);
			name = Frameworks;
			sourceTree = "<group>";
		};
		A718EAA21A89BBD80016CF14 /* tests */ = {
			isa = PBXGroup;
			children = (
				A718EAA31A89BC0D0016CF14 /* Vector2DTest.cpp */,
				A718EAA41A89BC0D0016CF14 /* Vector2DTest.h */,
			);
			name = tests;
			sourceTree = "<group>";
		};
		A718EAA81A89C0770016CF14 /* exceptions */ = {
			isa = PBXGroup;
			children = (
				A718EAA91A89C08E0016CF14 /* AssertException.cpp */,
				A718EAAA1A89C08E0016CF14 /* AssertException.h */,
			);
			name = exceptions;
			path = BlackLid/exceptions;
			sourceTree = "<group>";
		};
/* End PBXGroup section */

/* Begin PBXNativeTarget section */
		A718EA3A1A87CA380016CF14 /* BlackLid */ = {
			isa = PBXNativeTarget;
			buildConfigurationList = A718EA5B1A87CA380016CF14 /* Build configuration list for PBXNativeTarget "BlackLid" */;
			buildPhases = (
				A718EA371A87CA380016CF14 /* Sources */,
				A718EA381A87CA380016CF14 /* Frameworks */,
				A718EA391A87CA380016CF14 /* Resources */,
			);
			buildRules = (
			);
			dependencies = (
			);
			name = BlackLid;
			productName = BlackLid;
			productReference = A718EA3B1A87CA380016CF14 /* BlackLid.app */;
			productType = "com.apple.product-type.application";
		};
/* End PBXNativeTarget section */

/* Begin PBXProject section */
		A718EA331A87CA380016CF14 /* Project object */ = {
			isa = PBXProject;
			attributes = {
				LastUpgradeCheck = 0610;
				ORGANIZATIONNAME = "Marco Hernandez";
				TargetAttributes = {
					A718EA3A1A87CA380016CF14 = {
						CreatedOnToolsVersion = 6.1.1;
					};
				};
			};
			buildConfigurationList = A718EA361A87CA380016CF14 /* Build configuration list for PBXProject "BlackLid" */;
			compatibilityVersion = "Xcode 3.2";
			developmentRegion = English;
			hasScannedForEncodings = 0;
			knownRegions = (
				en,
				Base,
			);
			mainGroup = A718EA321A87CA380016CF14;
			productRefGroup = A718EA3C1A87CA380016CF14 /* Products */;
			projectDirPath = "";
			projectRoot = "";
			targets = (
				A718EA3A1A87CA380016CF14 /* BlackLid */,
			);
		};
/* End PBXProject section */

/* Begin PBXResourcesBuildPhase section */
		A718EA391A87CA380016CF14 /* Resources */ = {
			isa = PBXResourcesBuildPhase;
			buildActionMask = 2147483647;
			files = (
				A718EA8D1A8877DB0016CF14 /* content in Resources */,
				A718EA981A89AFF40016CF14 /* testout in Resources */,
			);
			runOnlyForDeploymentPostprocessing = 0;
		};
/* End PBXResourcesBuildPhase section */

/* Begin PBXSourcesBuildPhase section */
		A718EA371A87CA380016CF14 /* Sources */ = {
			isa = PBXSourcesBuildPhase;
			buildActionMask = 2147483647;
			files = (
				A718EAAE1A89CCA50016CF14 /* Matrix.cpp in Sources */,
				A718EA931A895D2A0016CF14 /* Fps.cpp in Sources */,
				A718EAAB1A89C08E0016CF14 /* AssertException.cpp in Sources */,
				A718EA9E1A89B8450016CF14 /* Assert.cpp in Sources */,
				A718EA651A87CA800016CF14 /* main.cpp in Sources */,
				A718EAA11A89B9850016CF14 /* Test.cpp in Sources */,
				A718EA6A1A87CB8B0016CF14 /* Engine.cpp in Sources */,
				A718EA801A87E7E50016CF14 /* InputCommand.cpp in Sources */,
				A718EA791A87E5430016CF14 /* Camera.cpp in Sources */,
				A718EA711A87D03E0016CF14 /* GameException.cpp in Sources */,
				A718EA9B1A89B3F40016CF14 /* Settings.cpp in Sources */,
				A718EA761A87DD540016CF14 /* BlackLidEngine.cpp in Sources */,
				A718EA831A87F4580016CF14 /* InputKeyMap.cpp in Sources */,
				A718EA961A89A7380016CF14 /* Vector2D.cpp in Sources */,
				A718EAA51A89BC0D0016CF14 /* Vector2DTest.cpp in Sources */,
				A718EA901A887ACF0016CF14 /* Create.cpp in Sources */,
			);
			runOnlyForDeploymentPostprocessing = 0;
		};
/* End PBXSourcesBuildPhase section */

/* Begin XCBuildConfiguration section */
		A718EA591A87CA380016CF14 /* Debug */ = {
			isa = XCBuildConfiguration;
			buildSettings = {
				ALWAYS_SEARCH_USER_PATHS = NO;
				CLANG_CXX_LANGUAGE_STANDARD = "gnu++0x";
				CLANG_CXX_LIBRARY = "libc++";
				CLANG_ENABLE_MODULES = YES;
				CLANG_ENABLE_OBJC_ARC = YES;
				CLANG_WARN_BOOL_CONVERSION = YES;
				CLANG_WARN_CONSTANT_CONVERSION = YES;
				CLANG_WARN_DIRECT_OBJC_ISA_USAGE = YES_ERROR;
				CLANG_WARN_EMPTY_BODY = YES;
				CLANG_WARN_ENUM_CONVERSION = YES;
				CLANG_WARN_INT_CONVERSION = YES;
				CLANG_WARN_OBJC_ROOT_CLASS = YES_ERROR;
				CLANG_WARN_UNREACHABLE_CODE = YES;
				CLANG_WARN__DUPLICATE_METHOD_MATCH = YES;
				CODE_SIGN_IDENTITY = "-";
				COPY_PHASE_STRIP = NO;
				ENABLE_STRICT_OBJC_MSGSEND = YES;
				GCC_C_LANGUAGE_STANDARD = gnu99;
				GCC_DYNAMIC_NO_PIC = NO;
				GCC_OPTIMIZATION_LEVEL = 0;
				GCC_PREPROCESSOR_DEFINITIONS = (
					"DEBUG=1",
					"$(inherited)",
				);
				GCC_SYMBOLS_PRIVATE_EXTERN = NO;
				GCC_WARN_64_TO_32_BIT_CONVERSION = YES;
				GCC_WARN_ABOUT_RETURN_TYPE = YES_ERROR;
				GCC_WARN_UNDECLARED_SELECTOR = YES;
				GCC_WARN_UNINITIALIZED_AUTOS = YES_AGGRESSIVE;
				GCC_WARN_UNUSED_FUNCTION = YES;
				GCC_WARN_UNUSED_VARIABLE = YES;
				MACOSX_DEPLOYMENT_TARGET = 10.10;
				MTL_ENABLE_DEBUG_INFO = YES;
				ONLY_ACTIVE_ARCH = YES;
				SDKROOT = macosx;
			};
			name = Debug;
		};
		A718EA5A1A87CA380016CF14 /* Release */ = {
			isa = XCBuildConfiguration;
			buildSettings = {
				ALWAYS_SEARCH_USER_PATHS = NO;
				CLANG_CXX_LANGUAGE_STANDARD = "gnu++0x";
				CLANG_CXX_LIBRARY = "libc++";
				CLANG_ENABLE_MODULES = YES;
				CLANG_ENABLE_OBJC_ARC = YES;
				CLANG_WARN_BOOL_CONVERSION = YES;
				CLANG_WARN_CONSTANT_CONVERSION = YES;
				CLANG_WARN_DIRECT_OBJC_ISA_USAGE = YES_ERROR;
				CLANG_WARN_EMPTY_BODY = YES;
				CLANG_WARN_ENUM_CONVERSION = YES;
				CLANG_WARN_INT_CONVERSION = YES;
				CLANG_WARN_OBJC_ROOT_CLASS = YES_ERROR;
				CLANG_WARN_UNREACHABLE_CODE = YES;
				CLANG_WARN__DUPLICATE_METHOD_MATCH = YES;
				CODE_SIGN_IDENTITY = "-";
				COPY_PHASE_STRIP = YES;
				DEBUG_INFORMATION_FORMAT = "dwarf-with-dsym";
				ENABLE_NS_ASSERTIONS = NO;
				ENABLE_STRICT_OBJC_MSGSEND = YES;
				GCC_C_LANGUAGE_STANDARD = gnu99;
				GCC_WARN_64_TO_32_BIT_CONVERSION = YES;
				GCC_WARN_ABOUT_RETURN_TYPE = YES_ERROR;
				GCC_WARN_UNDECLARED_SELECTOR = YES;
				GCC_WARN_UNINITIALIZED_AUTOS = YES_AGGRESSIVE;
				GCC_WARN_UNUSED_FUNCTION = YES;
				GCC_WARN_UNUSED_VARIABLE = YES;
				MACOSX_DEPLOYMENT_TARGET = 10.10;
				MTL_ENABLE_DEBUG_INFO = NO;
				SDKROOT = macosx;
			};
			name = Release;
		};
		A718EA5C1A87CA380016CF14 /* Debug */ = {
			isa = XCBuildConfiguration;
			buildSettings = {
				ASSETCATALOG_COMPILER_APPICON_NAME = AppIcon;
				COMBINE_HIDPI_IMAGES = YES;
				FRAMEWORK_SEARCH_PATHS = (
					"$(inherited)",
					"$(LOCAL_LIBRARY_DIR)/Frameworks",
				);
				INFOPLIST_FILE = BlackLid/Info.plist;
				LD_RUNPATH_SEARCH_PATHS = "$(inherited) @executable_path/../Frameworks";
				PRODUCT_NAME = "$(TARGET_NAME)";
			};
			name = Debug;
		};
		A718EA5D1A87CA380016CF14 /* Release */ = {
			isa = XCBuildConfiguration;
			buildSettings = {
				ASSETCATALOG_COMPILER_APPICON_NAME = AppIcon;
				COMBINE_HIDPI_IMAGES = YES;
				FRAMEWORK_SEARCH_PATHS = (
					"$(inherited)",
					"$(LOCAL_LIBRARY_DIR)/Frameworks",
				);
				INFOPLIST_FILE = BlackLid/Info.plist;
				LD_RUNPATH_SEARCH_PATHS = "$(inherited) @executable_path/../Frameworks";
				PRODUCT_NAME = "$(TARGET_NAME)";
			};
			name = Release;
		};
/* End XCBuildConfiguration section */

/* Begin XCConfigurationList section */
		A718EA361A87CA380016CF14 /* Build configuration list for PBXProject "BlackLid" */ = {
			isa = XCConfigurationList;
			buildConfigurations = (
				A718EA591A87CA380016CF14 /* Debug */,
				A718EA5A1A87CA380016CF14 /* Release */,
			);
			defaultConfigurationIsVisible = 0;
			defaultConfigurationName = Release;
		};
		A718EA5B1A87CA380016CF14 /* Build configuration list for PBXNativeTarget "BlackLid" */ = {
			isa = XCConfigurationList;
			buildConfigurations = (
				A718EA5C1A87CA380016CF14 /* Debug */,
				A718EA5D1A87CA380016CF14 /* Release */,
			);
			defaultConfigurationIsVisible = 0;
			defaultConfigurationName = Release;
		};
/* End XCConfigurationList section */
	};
	rootObject = A718EA331A87CA380016CF14 /* Project object */;
}
